
Microsoft Visual Studio Solution File, Format Version 12.00
Project("{FAE04EC0-301F-11D3-BF4B-00C04F79EFBC}") = "BookStore.Api", "BookStore.Api\BookStore.Api.csproj", "{907A9D3B-904D-46BB-8511-FB75CC43CA4F}"
EndProject
Global
	GlobalSection(SolutionConfigurationPlatforms) = preSolution
		Debug|Any CPU = Debug|Any CPU
		Release|Any CPU = Release|Any CPU
	EndGlobalSection
	GlobalSection(ProjectConfigurationPlatforms) = postSolution
		{907A9D3B-904D-46BB-8511-FB75CC43CA4F}.Debug|Any CPU.ActiveCfg = Debug|Any CPU
		{907A9D3B-904D-46BB-8511-FB75CC43CA4F}.Debug|Any CPU.Build.0 = Debug|Any CPU
		{907A9D3B-904D-46BB-8511-FB75CC43CA4F}.Release|Any CPU.ActiveCfg = Release|Any CPU
		{907A9D3B-904D-46BB-8511-FB75CC43CA4F}.Release|Any CPU.Build.0 = Release|Any CPU
	EndGlobalSection
EndGlobal
